
Microsoft Visual Studio Solution File, Format Version 12.00
# Visual Studio 15
VisualStudioVersion = 15.0.28307.329
MinimumVisualStudioVersion = 10.0.40219.1
Project("{9A19103F-16F7-4668-BE54-9A1E7A4F7556}") = "WarmupChallenges.Solutions.SockMerchant", "WarmupChallenges.Solutions.SockMerchant\WarmupChallenges.Solutions.SockMerchant.csproj", "{68F16C31-D1FC-4E60-AA78-F87C40D7A363}"
EndProject
Project("{9A19103F-16F7-4668-BE54-9A1E7A4F7556}") = "WarmupChallenges.Tests", "WarmupChallenges.Tests\WarmupChallenges.Tests.csproj", "{EF2F0CB9-4896-4FE7-9F5E-590DDDECCE6D}"
EndProject
Global
	GlobalSection(SolutionConfigurationPlatforms) = preSolution
		Debug|Any CPU = Debug|Any CPU
		Release|Any CPU = Release|Any CPU
	EndGlobalSection
	GlobalSection(ProjectConfigurationPlatforms) = postSolution
		{68F16C31-D1FC-4E60-AA78-F87C40D7A363}.Debug|Any CPU.ActiveCfg = Debug|Any CPU
		{68F16C31-D1FC-4E60-AA78-F87C40D7A363}.Debug|Any CPU.Build.0 = Debug|Any CPU
		{68F16C31-D1FC-4E60-AA78-F87C40D7A363}.Release|Any CPU.ActiveCfg = Release|Any CPU
		{68F16C31-D1FC-4E60-AA78-F87C40D7A363}.Release|Any CPU.Build.0 = Release|Any CPU
		{EF2F0CB9-4896-4FE7-9F5E-590DDDECCE6D}.Debug|Any CPU.ActiveCfg = Debug|Any CPU
		{EF2F0CB9-4896-4FE7-9F5E-590DDDECCE6D}.Debug|Any CPU.Build.0 = Debug|Any CPU
		{EF2F0CB9-4896-4FE7-9F5E-590DDDECCE6D}.Release|Any CPU.ActiveCfg = Release|Any CPU
		{EF2F0CB9-4896-4FE7-9F5E-590DDDECCE6D}.Release|Any CPU.Build.0 = Release|Any CPU
	EndGlobalSection
	GlobalSection(SolutionProperties) = preSolution
		HideSolutionNode = FALSE
	EndGlobalSection
	GlobalSection(ExtensibilityGlobals) = postSolution
		SolutionGuid = {045E8BDF-0B1B-42DA-8474-5593E53696D3}
	EndGlobalSection
EndGlobal
